
Microsoft Visual Studio Solution File, Format Version 12.00
# Visual Studio Version 16
VisualStudioVersion = 16.0.28922.388
MinimumVisualStudioVersion = 10.0.40219.1
Project("{FAE04EC0-301F-11D3-BF4B-00C04F79EFBC}") = "SportsTeamsKaelanK", "SportsTeamsKaelanK\SportsTeamsKaelanK.csproj", "{5035B8FC-48DF-4C77-A449-8C8EAB0B735A}"
EndProject
Global
	GlobalSection(SolutionConfigurationPlatforms) = preSolution
		Debug|Any CPU = Debug|Any CPU
		Release|Any CPU = Release|Any CPU
	EndGlobalSection
	GlobalSection(ProjectConfigurationPlatforms) = postSolution
		{5035B8FC-48DF-4C77-A449-8C8EAB0B735A}.Debug|Any CPU.ActiveCfg = Debug|Any CPU
		{5035B8FC-48DF-4C77-A449-8C8EAB0B735A}.Debug|Any CPU.Build.0 = Debug|Any CPU
		{5035B8FC-48DF-4C77-A449-8C8EAB0B735A}.Release|Any CPU.ActiveCfg = Release|Any CPU
		{5035B8FC-48DF-4C77-A449-8C8EAB0B735A}.Release|Any CPU.Build.0 = Release|Any CPU
	EndGlobalSection
	GlobalSection(SolutionProperties) = preSolution
		HideSolutionNode = FALSE
	EndGlobalSection
	GlobalSection(ExtensibilityGlobals) = postSolution
		SolutionGuid = {8BF7E48A-FC17-42AC-838F-B7F0C2D0C891}
	EndGlobalSection
EndGlobal
