
Microsoft Visual Studio Solution File, Format Version 12.00
# Visual Studio Version 16
VisualStudioVersion = 16.0.28922.388
MinimumVisualStudioVersion = 10.0.40219.1
Project("{FAE04EC0-301F-11D3-BF4B-00C04F79EFBC}") = "MovingCatKaelanK", "MovingCatKaelanK\MovingCatKaelanK.csproj", "{ADF1B812-33F9-436B-BCD3-1749A332EF01}"
EndProject
Global
	GlobalSection(SolutionConfigurationPlatforms) = preSolution
		Debug|Any CPU = Debug|Any CPU
		Release|Any CPU = Release|Any CPU
	EndGlobalSection
	GlobalSection(ProjectConfigurationPlatforms) = postSolution
		{ADF1B812-33F9-436B-BCD3-1749A332EF01}.Debug|Any CPU.ActiveCfg = Debug|Any CPU
		{ADF1B812-33F9-436B-BCD3-1749A332EF01}.Debug|Any CPU.Build.0 = Debug|Any CPU
		{ADF1B812-33F9-436B-BCD3-1749A332EF01}.Release|Any CPU.ActiveCfg = Release|Any CPU
		{ADF1B812-33F9-436B-BCD3-1749A332EF01}.Release|Any CPU.Build.0 = Release|Any CPU
	EndGlobalSection
	GlobalSection(SolutionProperties) = preSolution
		HideSolutionNode = FALSE
	EndGlobalSection
	GlobalSection(ExtensibilityGlobals) = postSolution
		SolutionGuid = {33809FFA-8E2D-457C-A465-026E63DA92F1}
	EndGlobalSection
EndGlobal
