
Microsoft Visual Studio Solution File, Format Version 12.00
# Visual Studio Version 16
VisualStudioVersion = 16.0.28922.388
MinimumVisualStudioVersion = 10.0.40219.1
Project("{FAE04EC0-301F-11D3-BF4B-00C04F79EFBC}") = "PizzaCostKaelanK", "PizzaCostKaelanK\PizzaCostKaelanK.csproj", "{4A01D5BB-3298-44BA-8458-6C88DF797CE8}"
EndProject
Global
	GlobalSection(SolutionConfigurationPlatforms) = preSolution
		Debug|Any CPU = Debug|Any CPU
		Release|Any CPU = Release|Any CPU
	EndGlobalSection
	GlobalSection(ProjectConfigurationPlatforms) = postSolution
		{4A01D5BB-3298-44BA-8458-6C88DF797CE8}.Debug|Any CPU.ActiveCfg = Debug|Any CPU
		{4A01D5BB-3298-44BA-8458-6C88DF797CE8}.Debug|Any CPU.Build.0 = Debug|Any CPU
		{4A01D5BB-3298-44BA-8458-6C88DF797CE8}.Release|Any CPU.ActiveCfg = Release|Any CPU
		{4A01D5BB-3298-44BA-8458-6C88DF797CE8}.Release|Any CPU.Build.0 = Release|Any CPU
	EndGlobalSection
	GlobalSection(SolutionProperties) = preSolution
		HideSolutionNode = FALSE
	EndGlobalSection
	GlobalSection(ExtensibilityGlobals) = postSolution
		SolutionGuid = {AC7F58DB-FADF-4240-B6B0-BBA99A85D06D}
	EndGlobalSection
EndGlobal
